// !$*UTF8*$!
{
	archiveVersion = 1;
	classes = {
	};
	objectVersion = 56;
	objects = {

/* Begin PBXBuildFile section */
		C59375D12BEA427700CA4AB5 /* AppTemplateApp.swift in Sources */ = {isa = PBXBuildFile; fileRef = C59375D02BEA427700CA4AB5 /* AppTemplateApp.swift */; };
		C59375D32BEA427700CA4AB5 /* ContentView.swift in Sources */ = {isa = PBXBuildFile; fileRef = C59375D22BEA427700CA4AB5 /* ContentView.swift */; };
		C59375D52BEA427900CA4AB5 /* Assets.xcassets in Resources */ = {isa = PBXBuildFile; fileRef = C59375D42BEA427900CA4AB5 /* Assets.xcassets */; };
		C59375D82BEA427900CA4AB5 /* Preview Assets.xcassets in Resources */ = {isa = PBXBuildFile; fileRef = C59375D72BEA427900CA4AB5 /* Preview Assets.xcassets */; };
		C59375E22BEA4A1D00CA4AB5 /* FirebaseAnalytics in Frameworks */ = {isa = PBXBuildFile; productRef = C59375E12BEA4A1D00CA4AB5 /* FirebaseAnalytics */; };
		C59375E42BEA4A1D00CA4AB5 /* FirebaseAnalyticsSwift in Frameworks */ = {isa = PBXBuildFile; productRef = C59375E32BEA4A1D00CA4AB5 /* FirebaseAnalyticsSwift */; };
		C59375E62BEA4A1D00CA4AB5 /* FirebaseAuth in Frameworks */ = {isa = PBXBuildFile; productRef = C59375E52BEA4A1D00CA4AB5 /* FirebaseAuth */; };
		C59375E82BEA4A1D00CA4AB5 /* FirebaseFirestore in Frameworks */ = {isa = PBXBuildFile; productRef = C59375E72BEA4A1D00CA4AB5 /* FirebaseFirestore */; };
		C59375EA2BEA4A1D00CA4AB5 /* FirebaseFirestoreSwift in Frameworks */ = {isa = PBXBuildFile; productRef = C59375E92BEA4A1D00CA4AB5 /* FirebaseFirestoreSwift */; };
		C59A1D802BEA576B009C502A /* AuthenticationView.swift in Sources */ = {isa = PBXBuildFile; fileRef = C59A1D7F2BEA576B009C502A /* AuthenticationView.swift */; };
		C59A1D822BEA59B8009C502A /* SignInEmailView.swift in Sources */ = {isa = PBXBuildFile; fileRef = C59A1D812BEA59B8009C502A /* SignInEmailView.swift */; };
		C59A1D842BEA639C009C502A /* AuthenticationManager.swift in Sources */ = {isa = PBXBuildFile; fileRef = C59A1D832BEA639C009C502A /* AuthenticationManager.swift */; };
		C59A1D882BEA7FE2009C502A /* RootView.swift in Sources */ = {isa = PBXBuildFile; fileRef = C59A1D872BEA7FE2009C502A /* RootView.swift */; };
		C59A1D8A2BEA8582009C502A /* SettingsView.swift in Sources */ = {isa = PBXBuildFile; fileRef = C59A1D892BEA8582009C502A /* SettingsView.swift */; };
		C59A1D8C2BEB7A03009C502A /* GoogleService-Info.plist in Resources */ = {isa = PBXBuildFile; fileRef = C59A1D8B2BEB7A03009C502A /* GoogleService-Info.plist */; };
		C59A1D8F2BEB7A86009C502A /* GoogleSignIn in Frameworks */ = {isa = PBXBuildFile; productRef = C59A1D8E2BEB7A86009C502A /* GoogleSignIn */; };
		C59A1D912BEB7A86009C502A /* GoogleSignInSwift in Frameworks */ = {isa = PBXBuildFile; productRef = C59A1D902BEB7A86009C502A /* GoogleSignInSwift */; };
		C59A1D952BEE18C5009C502A /* Utilities.swift in Sources */ = {isa = PBXBuildFile; fileRef = C59A1D942BEE18C5009C502A /* Utilities.swift */; };
/* End PBXBuildFile section */

/* Begin PBXFileReference section */
		C59375CD2BEA427700CA4AB5 /* AppTemplate.app */ = {isa = PBXFileReference; explicitFileType = wrapper.application; includeInIndex = 0; path = AppTemplate.app; sourceTree = BUILT_PRODUCTS_DIR; };
		C59375D02BEA427700CA4AB5 /* AppTemplateApp.swift */ = {isa = PBXFileReference; lastKnownFileType = sourcecode.swift; path = AppTemplateApp.swift; sourceTree = "<group>"; };
		C59375D22BEA427700CA4AB5 /* ContentView.swift */ = {isa = PBXFileReference; lastKnownFileType = sourcecode.swift; path = ContentView.swift; sourceTree = "<group>"; };
		C59375D42BEA427900CA4AB5 /* Assets.xcassets */ = {isa = PBXFileReference; lastKnownFileType = folder.assetcatalog; path = Assets.xcassets; sourceTree = "<group>"; };
		C59375D72BEA427900CA4AB5 /* Preview Assets.xcassets */ = {isa = PBXFileReference; lastKnownFileType = folder.assetcatalog; path = "Preview Assets.xcassets"; sourceTree = "<group>"; };
		C59A1D7F2BEA576B009C502A /* AuthenticationView.swift */ = {isa = PBXFileReference; lastKnownFileType = sourcecode.swift; path = AuthenticationView.swift; sourceTree = "<group>"; };
		C59A1D812BEA59B8009C502A /* SignInEmailView.swift */ = {isa = PBXFileReference; lastKnownFileType = sourcecode.swift; path = SignInEmailView.swift; sourceTree = "<group>"; };
		C59A1D832BEA639C009C502A /* AuthenticationManager.swift */ = {isa = PBXFileReference; lastKnownFileType = sourcecode.swift; path = AuthenticationManager.swift; sourceTree = "<group>"; };
		C59A1D872BEA7FE2009C502A /* RootView.swift */ = {isa = PBXFileReference; lastKnownFileType = sourcecode.swift; path = RootView.swift; sourceTree = "<group>"; };
		C59A1D892BEA8582009C502A /* SettingsView.swift */ = {isa = PBXFileReference; lastKnownFileType = sourcecode.swift; path = SettingsView.swift; sourceTree = "<group>"; };
		C59A1D8B2BEB7A03009C502A /* GoogleService-Info.plist */ = {isa = PBXFileReference; fileEncoding = 4; lastKnownFileType = text.plist.xml; path = "GoogleService-Info.plist"; sourceTree = "<group>"; };
		C59A1D922BEB7AEB009C502A /* Info.plist */ = {isa = PBXFileReference; lastKnownFileType = text.plist; path = Info.plist; sourceTree = "<group>"; };
		C59A1D942BEE18C5009C502A /* Utilities.swift */ = {isa = PBXFileReference; lastKnownFileType = sourcecode.swift; path = Utilities.swift; sourceTree = "<group>"; };
/* End PBXFileReference section */

/* Begin PBXFrameworksBuildPhase section */
		C59375CA2BEA427700CA4AB5 /* Frameworks */ = {
			isa = PBXFrameworksBuildPhase;
			buildActionMask = 2147483647;
			files = (
				C59375EA2BEA4A1D00CA4AB5 /* FirebaseFirestoreSwift in Frameworks */,
				C59375E42BEA4A1D00CA4AB5 /* FirebaseAnalyticsSwift in Frameworks */,
				C59A1D912BEB7A86009C502A /* GoogleSignInSwift in Frameworks */,
				C59375E82BEA4A1D00CA4AB5 /* FirebaseFirestore in Frameworks */,
				C59375E62BEA4A1D00CA4AB5 /* FirebaseAuth in Frameworks */,
				C59375E22BEA4A1D00CA4AB5 /* FirebaseAnalytics in Frameworks */,
				C59A1D8F2BEB7A86009C502A /* GoogleSignIn in Frameworks */,
			);
			runOnlyForDeploymentPostprocessing = 0;
		};
/* End PBXFrameworksBuildPhase section */

/* Begin PBXGroup section */
		C59375C42BEA427700CA4AB5 = {
			isa = PBXGroup;
			children = (
				C59375CF2BEA427700CA4AB5 /* AppTemplate */,
				C59375CE2BEA427700CA4AB5 /* Products */,
			);
			sourceTree = "<group>";
		};
		C59375CE2BEA427700CA4AB5 /* Products */ = {
			isa = PBXGroup;
			children = (
				C59375CD2BEA427700CA4AB5 /* AppTemplate.app */,
			);
			name = Products;
			sourceTree = "<group>";
		};
		C59375CF2BEA427700CA4AB5 /* AppTemplate */ = {
			isa = PBXGroup;
			children = (
				C59A1D922BEB7AEB009C502A /* Info.plist */,
				C59A1D8B2BEB7A03009C502A /* GoogleService-Info.plist */,
				C59375D02BEA427700CA4AB5 /* AppTemplateApp.swift */,
				C59A1D932BEE182E009C502A /* Utilities */,
				C59A1D7E2BEA5742009C502A /* Authentication */,
				C59375D22BEA427700CA4AB5 /* ContentView.swift */,
				C59375D42BEA427900CA4AB5 /* Assets.xcassets */,
				C59375D62BEA427900CA4AB5 /* Preview Content */,
			);
			path = AppTemplate;
			sourceTree = "<group>";
		};
		C59375D62BEA427900CA4AB5 /* Preview Content */ = {
			isa = PBXGroup;
			children = (
				C59375D72BEA427900CA4AB5 /* Preview Assets.xcassets */,
			);
			path = "Preview Content";
			sourceTree = "<group>";
		};
		C59A1D7E2BEA5742009C502A /* Authentication */ = {
			isa = PBXGroup;
			children = (
				C59A1D7F2BEA576B009C502A /* AuthenticationView.swift */,
				C59A1D872BEA7FE2009C502A /* RootView.swift */,
				C59A1D812BEA59B8009C502A /* SignInEmailView.swift */,
				C59A1D892BEA8582009C502A /* SettingsView.swift */,
				C59A1D832BEA639C009C502A /* AuthenticationManager.swift */,
			);
			path = Authentication;
			sourceTree = "<group>";
		};
		C59A1D932BEE182E009C502A /* Utilities */ = {
			isa = PBXGroup;
			children = (
				C59A1D942BEE18C5009C502A /* Utilities.swift */,
			);
			path = Utilities;
			sourceTree = "<group>";
		};
/* End PBXGroup section */

/* Begin PBXNativeTarget section */
		C59375CC2BEA427700CA4AB5 /* AppTemplate */ = {
			isa = PBXNativeTarget;
			buildConfigurationList = C59375DB2BEA427900CA4AB5 /* Build configuration list for PBXNativeTarget "AppTemplate" */;
			buildPhases = (
				C59375C92BEA427700CA4AB5 /* Sources */,
				C59375CA2BEA427700CA4AB5 /* Frameworks */,
				C59375CB2BEA427700CA4AB5 /* Resources */,
			);
			buildRules = (
			);
			dependencies = (
			);
			name = AppTemplate;
			packageProductDependencies = (
				C59375E12BEA4A1D00CA4AB5 /* FirebaseAnalytics */,
				C59375E32BEA4A1D00CA4AB5 /* FirebaseAnalyticsSwift */,
				C59375E52BEA4A1D00CA4AB5 /* FirebaseAuth */,
				C59375E72BEA4A1D00CA4AB5 /* FirebaseFirestore */,
				C59375E92BEA4A1D00CA4AB5 /* FirebaseFirestoreSwift */,
				C59A1D8E2BEB7A86009C502A /* GoogleSignIn */,
				C59A1D902BEB7A86009C502A /* GoogleSignInSwift */,
			);
			productName = AppTemplate;
			productReference = C59375CD2BEA427700CA4AB5 /* AppTemplate.app */;
			productType = "com.apple.product-type.application";
		};
/* End PBXNativeTarget section */

/* Begin PBXProject section */
		C59375C52BEA427700CA4AB5 /* Project object */ = {
			isa = PBXProject;
			attributes = {
				BuildIndependentTargetsInParallel = 1;
				LastSwiftUpdateCheck = 1530;
				LastUpgradeCheck = 1530;
				TargetAttributes = {
					C59375CC2BEA427700CA4AB5 = {
						CreatedOnToolsVersion = 15.3;
					};
				};
			};
			buildConfigurationList = C59375C82BEA427700CA4AB5 /* Build configuration list for PBXProject "AppTemplate" */;
			compatibilityVersion = "Xcode 14.0";
			developmentRegion = en;
			hasScannedForEncodings = 0;
			knownRegions = (
				en,
				Base,
			);
			mainGroup = C59375C42BEA427700CA4AB5;
			packageReferences = (
				C59375E02BEA4A1D00CA4AB5 /* XCRemoteSwiftPackageReference "firebase-ios-sdk" */,
				C59A1D8D2BEB7A86009C502A /* XCRemoteSwiftPackageReference "GoogleSignIn-iOS" */,
			);
			productRefGroup = C59375CE2BEA427700CA4AB5 /* Products */;
			projectDirPath = "";
			projectRoot = "";
			targets = (
				C59375CC2BEA427700CA4AB5 /* AppTemplate */,
			);
		};
/* End PBXProject section */

/* Begin PBXResourcesBuildPhase section */
		C59375CB2BEA427700CA4AB5 /* Resources */ = {
			isa = PBXResourcesBuildPhase;
			buildActionMask = 2147483647;
			files = (
				C59375D82BEA427900CA4AB5 /* Preview Assets.xcassets in Resources */,
				C59375D52BEA427900CA4AB5 /* Assets.xcassets in Resources */,
				C59A1D8C2BEB7A03009C502A /* GoogleService-Info.plist in Resources */,
			);
			runOnlyForDeploymentPostprocessing = 0;
		};
/* End PBXResourcesBuildPhase section */

/* Begin PBXSourcesBuildPhase section */
		C59375C92BEA427700CA4AB5 /* Sources */ = {
			isa = PBXSourcesBuildPhase;
			buildActionMask = 2147483647;
			files = (
				C59A1D8A2BEA8582009C502A /* SettingsView.swift in Sources */,
				C59375D32BEA427700CA4AB5 /* ContentView.swift in Sources */,
				C59375D12BEA427700CA4AB5 /* AppTemplateApp.swift in Sources */,
				C59A1D882BEA7FE2009C502A /* RootView.swift in Sources */,
				C59A1D802BEA576B009C502A /* AuthenticationView.swift in Sources */,
				C59A1D842BEA639C009C502A /* AuthenticationManager.swift in Sources */,
				C59A1D952BEE18C5009C502A /* Utilities.swift in Sources */,
				C59A1D822BEA59B8009C502A /* SignInEmailView.swift in Sources */,
			);
			runOnlyForDeploymentPostprocessing = 0;
		};
/* End PBXSourcesBuildPhase section */

/* Begin XCBuildConfiguration section */
		C59375D92BEA427900CA4AB5 /* Debug */ = {
			isa = XCBuildConfiguration;
			buildSettings = {
				ALWAYS_SEARCH_USER_PATHS = NO;
				ASSETCATALOG_COMPILER_GENERATE_SWIFT_ASSET_SYMBOL_EXTENSIONS = YES;
				CLANG_ANALYZER_NONNULL = YES;
				CLANG_ANALYZER_NUMBER_OBJECT_CONVERSION = YES_AGGRESSIVE;
				CLANG_CXX_LANGUAGE_STANDARD = "gnu++20";
				CLANG_ENABLE_MODULES = YES;
				CLANG_ENABLE_OBJC_ARC = YES;
				CLANG_ENABLE_OBJC_WEAK = YES;
				CLANG_WARN_BLOCK_CAPTURE_AUTORELEASING = YES;
				CLANG_WARN_BOOL_CONVERSION = YES;
				CLANG_WARN_COMMA = YES;
				CLANG_WARN_CONSTANT_CONVERSION = YES;
				CLANG_WARN_DEPRECATED_OBJC_IMPLEMENTATIONS = YES;
				CLANG_WARN_DIRECT_OBJC_ISA_USAGE = YES_ERROR;
				CLANG_WARN_DOCUMENTATION_COMMENTS = YES;
				CLANG_WARN_EMPTY_BODY = YES;
				CLANG_WARN_ENUM_CONVERSION = YES;
				CLANG_WARN_INFINITE_RECURSION = YES;
				CLANG_WARN_INT_CONVERSION = YES;
				CLANG_WARN_NON_LITERAL_NULL_CONVERSION = YES;
				CLANG_WARN_OBJC_IMPLICIT_RETAIN_SELF = YES;
				CLANG_WARN_OBJC_LITERAL_CONVERSION = YES;
				CLANG_WARN_OBJC_ROOT_CLASS = YES_ERROR;
				CLANG_WARN_QUOTED_INCLUDE_IN_FRAMEWORK_HEADER = YES;
				CLANG_WARN_RANGE_LOOP_ANALYSIS = YES;
				CLANG_WARN_STRICT_PROTOTYPES = YES;
				CLANG_WARN_SUSPICIOUS_MOVE = YES;
				CLANG_WARN_UNGUARDED_AVAILABILITY = YES_AGGRESSIVE;
				CLANG_WARN_UNREACHABLE_CODE = YES;
				CLANG_WARN__DUPLICATE_METHOD_MATCH = YES;
				COPY_PHASE_STRIP = NO;
				DEBUG_INFORMATION_FORMAT = dwarf;
				ENABLE_STRICT_OBJC_MSGSEND = YES;
				ENABLE_TESTABILITY = YES;
				ENABLE_USER_SCRIPT_SANDBOXING = YES;
				GCC_C_LANGUAGE_STANDARD = gnu17;
				GCC_DYNAMIC_NO_PIC = NO;
				GCC_NO_COMMON_BLOCKS = YES;
				GCC_OPTIMIZATION_LEVEL = 0;
				GCC_PREPROCESSOR_DEFINITIONS = (
					"DEBUG=1",
					"$(inherited)",
				);
				GCC_WARN_64_TO_32_BIT_CONVERSION = YES;
				GCC_WARN_ABOUT_RETURN_TYPE = YES_ERROR;
				GCC_WARN_UNDECLARED_SELECTOR = YES;
				GCC_WARN_UNINITIALIZED_AUTOS = YES_AGGRESSIVE;
				GCC_WARN_UNUSED_FUNCTION = YES;
				GCC_WARN_UNUSED_VARIABLE = YES;
				IPHONEOS_DEPLOYMENT_TARGET = 17.4;
				LOCALIZATION_PREFERS_STRING_CATALOGS = YES;
				MTL_ENABLE_DEBUG_INFO = INCLUDE_SOURCE;
				MTL_FAST_MATH = YES;
				ONLY_ACTIVE_ARCH = YES;
				SDKROOT = iphoneos;
				SWIFT_ACTIVE_COMPILATION_CONDITIONS = "DEBUG $(inherited)";
				SWIFT_OPTIMIZATION_LEVEL = "-Onone";
			};
			name = Debug;
		};
		C59375DA2BEA427900CA4AB5 /* Release */ = {
			isa = XCBuildConfiguration;
			buildSettings = {
				ALWAYS_SEARCH_USER_PATHS = NO;
				ASSETCATALOG_COMPILER_GENERATE_SWIFT_ASSET_SYMBOL_EXTENSIONS = YES;
				CLANG_ANALYZER_NONNULL = YES;
				CLANG_ANALYZER_NUMBER_OBJECT_CONVERSION = YES_AGGRESSIVE;
				CLANG_CXX_LANGUAGE_STANDARD = "gnu++20";
				CLANG_ENABLE_MODULES = YES;
				CLANG_ENABLE_OBJC_ARC = YES;
				CLANG_ENABLE_OBJC_WEAK = YES;
				CLANG_WARN_BLOCK_CAPTURE_AUTORELEASING = YES;
				CLANG_WARN_BOOL_CONVERSION = YES;
				CLANG_WARN_COMMA = YES;
				CLANG_WARN_CONSTANT_CONVERSION = YES;
				CLANG_WARN_DEPRECATED_OBJC_IMPLEMENTATIONS = YES;
				CLANG_WARN_DIRECT_OBJC_ISA_USAGE = YES_ERROR;
				CLANG_WARN_DOCUMENTATION_COMMENTS = YES;
				CLANG_WARN_EMPTY_BODY = YES;
				CLANG_WARN_ENUM_CONVERSION = YES;
				CLANG_WARN_INFINITE_RECURSION = YES;
				CLANG_WARN_INT_CONVERSION = YES;
				CLANG_WARN_NON_LITERAL_NULL_CONVERSION = YES;
				CLANG_WARN_OBJC_IMPLICIT_RETAIN_SELF = YES;
				CLANG_WARN_OBJC_LITERAL_CONVERSION = YES;
				CLANG_WARN_OBJC_ROOT_CLASS = YES_ERROR;
				CLANG_WARN_QUOTED_INCLUDE_IN_FRAMEWORK_HEADER = YES;
				CLANG_WARN_RANGE_LOOP_ANALYSIS = YES;
				CLANG_WARN_STRICT_PROTOTYPES = YES;
				CLANG_WARN_SUSPICIOUS_MOVE = YES;
				CLANG_WARN_UNGUARDED_AVAILABILITY = YES_AGGRESSIVE;
				CLANG_WARN_UNREACHABLE_CODE = YES;
				CLANG_WARN__DUPLICATE_METHOD_MATCH = YES;
				COPY_PHASE_STRIP = NO;
				DEBUG_INFORMATION_FORMAT = "dwarf-with-dsym";
				ENABLE_NS_ASSERTIONS = NO;
				ENABLE_STRICT_OBJC_MSGSEND = YES;
				ENABLE_USER_SCRIPT_SANDBOXING = YES;
				GCC_C_LANGUAGE_STANDARD = gnu17;
				GCC_NO_COMMON_BLOCKS = YES;
				GCC_WARN_64_TO_32_BIT_CONVERSION = YES;
				GCC_WARN_ABOUT_RETURN_TYPE = YES_ERROR;
				GCC_WARN_UNDECLARED_SELECTOR = YES;
				GCC_WARN_UNINITIALIZED_AUTOS = YES_AGGRESSIVE;
				GCC_WARN_UNUSED_FUNCTION = YES;
				GCC_WARN_UNUSED_VARIABLE = YES;
				IPHONEOS_DEPLOYMENT_TARGET = 17.4;
				LOCALIZATION_PREFERS_STRING_CATALOGS = YES;
				MTL_ENABLE_DEBUG_INFO = NO;
				MTL_FAST_MATH = YES;
				SDKROOT = iphoneos;
				SWIFT_COMPILATION_MODE = wholemodule;
				VALIDATE_PRODUCT = YES;
			};
			name = Release;
		};
		C59375DC2BEA427900CA4AB5 /* Debug */ = {
			isa = XCBuildConfiguration;
			buildSettings = {
				ASSETCATALOG_COMPILER_APPICON_NAME = AppIcon;
				ASSETCATALOG_COMPILER_GLOBAL_ACCENT_COLOR_NAME = AccentColor;
				CODE_SIGN_STYLE = Automatic;
				CURRENT_PROJECT_VERSION = 1;
				DEVELOPMENT_ASSET_PATHS = "\"AppTemplate/Preview Content\"";
				DEVELOPMENT_TEAM = F2Q2TB3BFT;
				ENABLE_PREVIEWS = YES;
				GENERATE_INFOPLIST_FILE = YES;
				INFOPLIST_FILE = AppTemplate/Info.plist;
				INFOPLIST_KEY_UIApplicationSceneManifest_Generation = YES;
				INFOPLIST_KEY_UIApplicationSupportsIndirectInputEvents = YES;
				INFOPLIST_KEY_UILaunchScreen_Generation = YES;
				INFOPLIST_KEY_UISupportedInterfaceOrientations_iPad = "UIInterfaceOrientationPortrait UIInterfaceOrientationPortraitUpsideDown UIInterfaceOrientationLandscapeLeft UIInterfaceOrientationLandscapeRight";
				INFOPLIST_KEY_UISupportedInterfaceOrientations_iPhone = "UIInterfaceOrientationPortrait UIInterfaceOrientationLandscapeLeft UIInterfaceOrientationLandscapeRight";
				LD_RUNPATH_SEARCH_PATHS = (
					"$(inherited)",
					"@executable_path/Frameworks",
				);
				MARKETING_VERSION = 1.0;
				PRODUCT_BUNDLE_IDENTIFIER = com.childhealthforall.AppTemplate;
				PRODUCT_NAME = "$(TARGET_NAME)";
				SWIFT_EMIT_LOC_STRINGS = YES;
				SWIFT_VERSION = 5.0;
				TARGETED_DEVICE_FAMILY = "1,2";
			};
			name = Debug;
		};
		C59375DD2BEA427900CA4AB5 /* Release */ = {
			isa = XCBuildConfiguration;
			buildSettings = {
				ASSETCATALOG_COMPILER_APPICON_NAME = AppIcon;
				ASSETCATALOG_COMPILER_GLOBAL_ACCENT_COLOR_NAME = AccentColor;
				CODE_SIGN_STYLE = Automatic;
				CURRENT_PROJECT_VERSION = 1;
				DEVELOPMENT_ASSET_PATHS = "\"AppTemplate/Preview Content\"";
				DEVELOPMENT_TEAM = F2Q2TB3BFT;
				ENABLE_PREVIEWS = YES;
				GENERATE_INFOPLIST_FILE = YES;
				INFOPLIST_FILE = AppTemplate/Info.plist;
				INFOPLIST_KEY_UIApplicationSceneManifest_Generation = YES;
				INFOPLIST_KEY_UIApplicationSupportsIndirectInputEvents = YES;
				INFOPLIST_KEY_UILaunchScreen_Generation = YES;
				INFOPLIST_KEY_UISupportedInterfaceOrientations_iPad = "UIInterfaceOrientationPortrait UIInterfaceOrientationPortraitUpsideDown UIInterfaceOrientationLandscapeLeft UIInterfaceOrientationLandscapeRight";
				INFOPLIST_KEY_UISupportedInterfaceOrientations_iPhone = "UIInterfaceOrientationPortrait UIInterfaceOrientationLandscapeLeft UIInterfaceOrientationLandscapeRight";
				LD_RUNPATH_SEARCH_PATHS = (
					"$(inherited)",
					"@executable_path/Frameworks",
				);
				MARKETING_VERSION = 1.0;
				PRODUCT_BUNDLE_IDENTIFIER = com.childhealthforall.AppTemplate;
				PRODUCT_NAME = "$(TARGET_NAME)";
				SWIFT_EMIT_LOC_STRINGS = YES;
				SWIFT_VERSION = 5.0;
				TARGETED_DEVICE_FAMILY = "1,2";
			};
			name = Release;
		};
/* End XCBuildConfiguration section */

/* Begin XCConfigurationList section */
		C59375C82BEA427700CA4AB5 /* Build configuration list for PBXProject "AppTemplate" */ = {
			isa = XCConfigurationList;
			buildConfigurations = (
				C59375D92BEA427900CA4AB5 /* Debug */,
				C59375DA2BEA427900CA4AB5 /* Release */,
			);
			defaultConfigurationIsVisible = 0;
			defaultConfigurationName = Release;
		};
		C59375DB2BEA427900CA4AB5 /* Build configuration list for PBXNativeTarget "AppTemplate" */ = {
			isa = XCConfigurationList;
			buildConfigurations = (
				C59375DC2BEA427900CA4AB5 /* Debug */,
				C59375DD2BEA427900CA4AB5 /* Release */,
			);
			defaultConfigurationIsVisible = 0;
			defaultConfigurationName = Release;
		};
/* End XCConfigurationList section */

/* Begin XCRemoteSwiftPackageReference section */
		C59375E02BEA4A1D00CA4AB5 /* XCRemoteSwiftPackageReference "firebase-ios-sdk" */ = {
			isa = XCRemoteSwiftPackageReference;
			repositoryURL = "https://github.com/firebase/firebase-ios-sdk";
			requirement = {
				kind = upToNextMajorVersion;
				minimumVersion = 10.25.0;
			};
		};
		C59A1D8D2BEB7A86009C502A /* XCRemoteSwiftPackageReference "GoogleSignIn-iOS" */ = {
			isa = XCRemoteSwiftPackageReference;
			repositoryURL = "https://github.com/google/GoogleSignIn-iOS.git";
			requirement = {
				kind = upToNextMajorVersion;
				minimumVersion = 7.1.0;
			};
		};
/* End XCRemoteSwiftPackageReference section */

/* Begin XCSwiftPackageProductDependency section */
		C59375E12BEA4A1D00CA4AB5 /* FirebaseAnalytics */ = {
			isa = XCSwiftPackageProductDependency;
			package = C59375E02BEA4A1D00CA4AB5 /* XCRemoteSwiftPackageReference "firebase-ios-sdk" */;
			productName = FirebaseAnalytics;
		};
		C59375E32BEA4A1D00CA4AB5 /* FirebaseAnalyticsSwift */ = {
			isa = XCSwiftPackageProductDependency;
			package = C59375E02BEA4A1D00CA4AB5 /* XCRemoteSwiftPackageReference "firebase-ios-sdk" */;
			productName = FirebaseAnalyticsSwift;
		};
		C59375E52BEA4A1D00CA4AB5 /* FirebaseAuth */ = {
			isa = XCSwiftPackageProductDependency;
			package = C59375E02BEA4A1D00CA4AB5 /* XCRemoteSwiftPackageReference "firebase-ios-sdk" */;
			productName = FirebaseAuth;
		};
		C59375E72BEA4A1D00CA4AB5 /* FirebaseFirestore */ = {
			isa = XCSwiftPackageProductDependency;
			package = C59375E02BEA4A1D00CA4AB5 /* XCRemoteSwiftPackageReference "firebase-ios-sdk" */;
			productName = FirebaseFirestore;
		};
		C59375E92BEA4A1D00CA4AB5 /* FirebaseFirestoreSwift */ = {
			isa = XCSwiftPackageProductDependency;
			package = C59375E02BEA4A1D00CA4AB5 /* XCRemoteSwiftPackageReference "firebase-ios-sdk" */;
			productName = FirebaseFirestoreSwift;
		};
		C59A1D8E2BEB7A86009C502A /* GoogleSignIn */ = {
			isa = XCSwiftPackageProductDependency;
			package = C59A1D8D2BEB7A86009C502A /* XCRemoteSwiftPackageReference "GoogleSignIn-iOS" */;
			productName = GoogleSignIn;
		};
		C59A1D902BEB7A86009C502A /* GoogleSignInSwift */ = {
			isa = XCSwiftPackageProductDependency;
			package = C59A1D8D2BEB7A86009C502A /* XCRemoteSwiftPackageReference "GoogleSignIn-iOS" */;
			productName = GoogleSignInSwift;
		};
/* End XCSwiftPackageProductDependency section */
	};
	rootObject = C59375C52BEA427700CA4AB5 /* Project object */;
}
